Microsoft Visual Studio Solution File, Format Version 12.00
# Visual Studio 15
VisualStudioVersion = 15.0.28307.136
MinimumVisualStudioVersion = 10.0.40219.1
Project("{FAE04EC0-301F-11D3-BF4B-00C04F79EFBC}") = "TravelRecordApp.Android", "TravelRecordApp.Android\TravelRecordApp.Android.csproj", "{50E69ACF-2CB3-4870-AE18-28EE74516507}"
EndProject
Project("{FAE04EC0-301F-11D3-BF4B-00C04F79EFBC}") = "TravelRecordApp.iOS", "TravelRecordApp.iOS\TravelRecordApp.iOS.csproj", "{2F37909B-C35E-4E82-B20C-A1BFF5DAFD51}"
EndProject
Project("{9A19103F-16F7-4668-BE54-9A1E7A4F7556}") = "TravelRecordApp", "TravelRecordApp\TravelRecordApp.csproj", "{253B7748-0128-4FE5-9CDB-46570F30B3EF}"
EndProject
Global
	GlobalSection(SolutionConfigurationPlatforms) = preSolution
		Ad-Hoc|Any CPU = Ad-Hoc|Any CPU
		Ad-Hoc|iPhone = Ad-Hoc|iPhone
		Ad-Hoc|iPhoneSimulator = Ad-Hoc|iPhoneSimulator
		AppStore|Any CPU = AppStore|Any CPU
		AppStore|iPhone = AppStore|iPhone
		AppStore|iPhoneSimulator = AppStore|iPhoneSimulator
		Debug|Any CPU = Debug|Any CPU
		Debug|iPhone = Debug|iPhone
		Debug|iPhoneSimulator = Debug|iPhoneSimulator
		Release|Any CPU = Release|Any CPU
		Release|iPhone = Release|iPhone
		Release|iPhoneSimulator = Release|iPhoneSimulator
	EndGlobalSection
	GlobalSection(ProjectConfigurationPlatforms) = postSolution
		{50E69ACF-2CB3-4870-AE18-28EE74516507}.Ad-Hoc|Any CPU.ActiveCfg = Release|Any CPU
		{50E69ACF-2CB3-4870-AE18-28EE74516507}.Ad-Hoc|Any CPU.Build.0 = Release|Any CPU
		{50E69ACF-2CB3-4870-AE18-28EE74516507}.Ad-Hoc|Any CPU.Deploy.0 = Release|Any CPU
		{50E69ACF-2CB3-4870-AE18-28EE74516507}.Ad-Hoc|iPhone.ActiveCfg = Debug|Any CPU
		{50E69ACF-2CB3-4870-AE18-28EE74516507}.Ad-Hoc|iPhone.Build.0 = Debug|Any CPU
		{50E69ACF-2CB3-4870-AE18-28EE74516507}.Ad-Hoc|iPhoneSimulator.ActiveCfg = Release|Any CPU
		{50E69ACF-2CB3-4870-AE18-28EE74516507}.Ad-Hoc|iPhoneSimulator.Build.0 = Release|Any CPU
		{50E69ACF-2CB3-4870-AE18-28EE74516507}.Ad-Hoc|iPhoneSimulator.Deploy.0 = Release|Any CPU
		{50E69ACF-2CB3-4870-AE18-28EE74516507}.AppStore|Any CPU.ActiveCfg = Release|Any CPU
		{50E69ACF-2CB3-4870-AE18-28EE74516507}.AppStore|Any CPU.Build.0 = Release|Any CPU
		{50E69ACF-2CB3-4870-AE18-28EE74516507}.AppStore|Any CPU.Deploy.0 = Release|Any CPU
		{50E69ACF-2CB3-4870-AE18-28EE74516507}.AppStore|iPhone.ActiveCfg = Debug|Any CPU
		{50E69ACF-2CB3-4870-AE18-28EE74516507}.AppStore|iPhone.Build.0 = Debug|Any CPU
		{50E69ACF-2CB3-4870-AE18-28EE74516507}.AppStore|iPhoneSimulator.ActiveCfg = Release|Any CPU
		{50E69ACF-2CB3-4870-AE18-28EE74516507}.AppStore|iPhoneSimulator.Build.0 = Release|Any CPU
		{50E69ACF-2CB3-4870-AE18-28EE74516507}.AppStore|iPhoneSimulator.Deploy.0 = Release|Any CPU
		{50E69ACF-2CB3-4870-AE18-28EE74516507}.Debug|Any CPU.ActiveCfg = Debug|Any CPU
		{50E69ACF-2CB3-4870-AE18-28EE74516507}.Debug|Any CPU.Build.0 = Debug|Any CPU
		{50E69ACF-2CB3-4870-AE18-28EE74516507}.Debug|Any CPU.Deploy.0 = Debug|Any CPU
		{50E69ACF-2CB3-4870-AE18-28EE74516507}.Debug|iPhone.ActiveCfg = Debug|Any CPU
		{50E69ACF-2CB3-4870-AE18-28EE74516507}.Debug|iPhone.Build.0 = Debug|Any CPU
		{50E69ACF-2CB3-4870-AE18-28EE74516507}.Debug|iPhoneSimulator.ActiveCfg = Debug|Any CPU
		{50E69ACF-2CB3-4870-AE18-28EE74516507}.Debug|iPhoneSimulator.Build.0 = Debug|Any CPU
		{50E69ACF-2CB3-4870-AE18-28EE74516507}.Release|Any CPU.ActiveCfg = Release|Any CPU
		{50E69ACF-2CB3-4870-AE18-28EE74516507}.Release|Any CPU.Build.0 = Release|Any CPU
		{50E69ACF-2CB3-4870-AE18-28EE74516507}.Release|iPhone.ActiveCfg = Release|Any CPU
		{50E69ACF-2CB3-4870-AE18-28EE74516507}.Release|iPhone.Build.0 = Release|Any CPU
		{50E69ACF-2CB3-4870-AE18-28EE74516507}.Release|iPhoneSimulator.ActiveCfg = Release|Any CPU
		{50E69ACF-2CB3-4870-AE18-28EE74516507}.Release|iPhoneSimulator.Build.0 = Release|Any CPU
		{2F37909B-C35E-4E82-B20C-A1BFF5DAFD51}.Ad-Hoc|Any CPU.ActiveCfg = Ad-Hoc|iPhoneSimulator
		{2F37909B-C35E-4E82-B20C-A1BFF5DAFD51}.Ad-Hoc|iPhone.ActiveCfg = Ad-Hoc|iPhone
		{2F37909B-C35E-4E82-B20C-A1BFF5DAFD51}.Ad-Hoc|iPhone.Build.0 = Ad-Hoc|iPhone
		{2F37909B-C35E-4E82-B20C-A1BFF5DAFD51}.Ad-Hoc|iPhoneSimulator.ActiveCfg = Ad-Hoc|iPhoneSimulator
		{2F37909B-C35E-4E82-B20C-A1BFF5DAFD51}.Ad-Hoc|iPhoneSimulator.Build.0 = Ad-Hoc|iPhoneSimulator
		{2F37909B-C35E-4E82-B20C-A1BFF5DAFD51}.AppStore|Any CPU.ActiveCfg = AppStore|iPhoneSimulator
		{2F37909B-C35E-4E82-B20C-A1BFF5DAFD51}.AppStore|iPhone.ActiveCfg = AppStore|iPhone
		{2F37909B-C35E-4E82-B20C-A1BFF5DAFD51}.AppStore|iPhone.Build.0 = AppStore|iPhone
		{2F37909B-C35E-4E82-B20C-A1BFF5DAFD51}.AppStore|iPhoneSimulator.ActiveCfg = AppStore|iPhoneSimulator
		{2F37909B-C35E-4E82-B20C-A1BFF5DAFD51}.AppStore|iPhoneSimulator.Build.0 = AppStore|iPhoneSimulator
		{2F37909B-C35E-4E82-B20C-A1BFF5DAFD51}.Debug|Any CPU.ActiveCfg = Debug|iPhoneSimulator
		{2F37909B-C35E-4E82-B20C-A1BFF5DAFD51}.Debug|Any CPU.Build.0 = Debug|iPhoneSimulator
		{2F37909B-C35E-4E82-B20C-A1BFF5DAFD51}.Debug|iPhone.ActiveCfg = Debug|iPhone
		{2F37909B-C35E-4E82-B20C-A1BFF5DAFD51}.Debug|iPhone.Build.0 = Debug|iPhone
		{2F37909B-C35E-4E82-B20C-A1BFF5DAFD51}.Debug|iPhoneSimulator.ActiveCfg = Debug|iPhoneSimulator
		{2F37909B-C35E-4E82-B20C-A1BFF5DAFD51}.Debug|iPhoneSimulator.Build.0 = Debug|iPhoneSimulator
		{2F37909B-C35E-4E82-B20C-A1BFF5DAFD51}.Release|Any CPU.ActiveCfg = Release|iPhoneSimulator
		{2F37909B-C35E-4E82-B20C-A1BFF5DAFD51}.Release|Any CPU.Build.0 = Release|iPhoneSimulator
		{2F37909B-C35E-4E82-B20C-A1BFF5DAFD51}.Release|iPhone.ActiveCfg = Release|iPhone
		{2F37909B-C35E-4E82-B20C-A1BFF5DAFD51}.Release|iPhone.Build.0 = Release|iPhone
		{2F37909B-C35E-4E82-B20C-A1BFF5DAFD51}.Release|iPhoneSimulator.ActiveCfg = Release|iPhoneSimulator
		{2F37909B-C35E-4E82-B20C-A1BFF5DAFD51}.Release|iPhoneSimulator.Build.0 = Release|iPhoneSimulator
		{253B7748-0128-4FE5-9CDB-46570F30B3EF}.Ad-Hoc|Any CPU.ActiveCfg = Release|Any CPU
		{253B7748-0128-4FE5-9CDB-46570F30B3EF}.Ad-Hoc|Any CPU.Build.0 = Release|Any CPU
		{253B7748-0128-4FE5-9CDB-46570F30B3EF}.Ad-Hoc|iPhone.ActiveCfg = Debug|Any CPU
		{253B7748-0128-4FE5-9CDB-46570F30B3EF}.Ad-Hoc|iPhone.Build.0 = Debug|Any CPU
		{253B7748-0128-4FE5-9CDB-46570F30B3EF}.Ad-Hoc|iPhoneSimulator.ActiveCfg = Release|Any CPU
		{253B7748-0128-4FE5-9CDB-46570F30B3EF}.Ad-Hoc|iPhoneSimulator.Build.0 = Release|Any CPU
		{253B7748-0128-4FE5-9CDB-46570F30B3EF}.AppStore|Any CPU.ActiveCfg = Release|Any CPU
		{253B7748-0128-4FE5-9CDB-46570F30B3EF}.AppStore|Any CPU.Build.0 = Release|Any CPU
		{253B7748-0128-4FE5-9CDB-46570F30B3EF}.AppStore|iPhone.ActiveCfg = Debug|Any CPU
		{253B7748-0128-4FE5-9CDB-46570F30B3EF}.AppStore|iPhone.Build.0 = Debug|Any CPU
		{253B7748-0128-4FE5-9CDB-46570F30B3EF}.AppStore|iPhoneSimulator.ActiveCfg = Release|Any CPU
		{253B7748-0128-4FE5-9CDB-46570F30B3EF}.AppStore|iPhoneSimulator.Build.0 = Release|Any CPU
		{253B7748-0128-4FE5-9CDB-46570F30B3EF}.Debug|Any CPU.ActiveCfg = Debug|Any CPU
		{253B7748-0128-4FE5-9CDB-46570F30B3EF}.Debug|Any CPU.Build.0 = Debug|Any CPU
		{253B7748-0128-4FE5-9CDB-46570F30B3EF}.Debug|iPhone.ActiveCfg = Debug|Any CPU
		{253B7748-0128-4FE5-9CDB-46570F30B3EF}.Debug|iPhone.Build.0 = Debug|Any CPU
		{253B7748-0128-4FE5-9CDB-46570F30B3EF}.Debug|iPhoneSimulator.ActiveCfg = Debug|Any CPU
		{253B7748-0128-4FE5-9CDB-46570F30B3EF}.Debug|iPhoneSimulator.Build.0 = Debug|Any CPU
		{253B7748-0128-4FE5-9CDB-46570F30B3EF}.Release|Any CPU.ActiveCfg = Release|Any CPU
		{253B7748-0128-4FE5-9CDB-46570F30B3EF}.Release|Any CPU.Build.0 = Release|Any CPU
		{253B7748-0128-4FE5-9CDB-46570F30B3EF}.Release|iPhone.ActiveCfg = Release|Any CPU
		{253B7748-0128-4FE5-9CDB-46570F30B3EF}.Release|iPhone.Build.0 = Release|Any CPU
		{253B7748-0128-4FE5-9CDB-46570F30B3EF}.Release|iPhoneSimulator.ActiveCfg = Release|Any CPU
		{253B7748-0128-4FE5-9CDB-46570F30B3EF}.Release|iPhoneSimulator.Build.0 = Release|Any CPU
	EndGlobalSection
	GlobalSection(SolutionProperties) = preSolution
		HideSolutionNode = FALSE
	EndGlobalSection
	GlobalSection(ExtensibilityGlobals) = postSolution
		SolutionGuid = {94861048-BA1C-406E-99AC-A81A3E5A4F6D}
	EndGlobalSection
EndGlobal
